
Microsoft Visual Studio Solution File, Format Version 12.00
# Visual Studio Version 16
VisualStudioVersion = 16.0.31025.218
MinimumVisualStudioVersion = 10.0.40219.1
Project("{FAE04EC0-301F-11D3-BF4B-00C04F79EFBC}") = "Xu.IdentityServer", "Xu.IdentityServer\Xu.IdentityServer.csproj", "{2687D7E3-49CD-44DF-9733-99DC45473FFE}"
EndProject
Global
	GlobalSection(SolutionConfigurationPlatforms) = preSolution
		Debug|Any CPU = Debug|Any CPU
		Release|Any CPU = Release|Any CPU
	EndGlobalSection
	GlobalSection(ProjectConfigurationPlatforms) = postSolution
		{2687D7E3-49CD-44DF-9733-99DC45473FFE}.Debug|Any CPU.ActiveCfg = Debug|Any CPU
		{2687D7E3-49CD-44DF-9733-99DC45473FFE}.Debug|Any CPU.Build.0 = Debug|Any CPU
		{2687D7E3-49CD-44DF-9733-99DC45473FFE}.Release|Any CPU.ActiveCfg = Release|Any CPU
		{2687D7E3-49CD-44DF-9733-99DC45473FFE}.Release|Any CPU.Build.0 = Release|Any CPU
	EndGlobalSection
	GlobalSection(SolutionProperties) = preSolution
		HideSolutionNode = FALSE
	EndGlobalSection
	GlobalSection(ExtensibilityGlobals) = postSolution
		SolutionGuid = {29FA5BAA-7C1C-4FB1-B06E-9C4337501D57}
	EndGlobalSection
EndGlobal
